
Microsoft Visual Studio Solution File, Format Version 12.00
# Visual Studio Version 16
VisualStudioVersion = 16.0.31205.134
MinimumVisualStudioVersion = 10.0.40219.1
Project("{FAE04EC0-301F-11D3-BF4B-00C04F79EFBC}") = "SimulatedAnnealingAlgorithm", "SimulatedAnnealingAlgorithm\SimulatedAnnealingAlgorithm.csproj", "{66EC2D33-1000-4E2B-87BF-3C2EFED7740D}"
EndProject
Global
	GlobalSection(SolutionConfigurationPlatforms) = preSolution
		Debug|Any CPU = Debug|Any CPU
		Debug|x64 = Debug|x64
		Release|Any CPU = Release|Any CPU
		Release|x64 = Release|x64
	EndGlobalSection
	GlobalSection(ProjectConfigurationPlatforms) = postSolution
		{66EC2D33-1000-4E2B-87BF-3C2EFED7740D}.Debug|Any CPU.ActiveCfg = Debug|Any CPU
		{66EC2D33-1000-4E2B-87BF-3C2EFED7740D}.Debug|Any CPU.Build.0 = Debug|Any CPU
		{66EC2D33-1000-4E2B-87BF-3C2EFED7740D}.Debug|x64.ActiveCfg = Debug|x64
		{66EC2D33-1000-4E2B-87BF-3C2EFED7740D}.Debug|x64.Build.0 = Debug|x64
		{66EC2D33-1000-4E2B-87BF-3C2EFED7740D}.Release|Any CPU.ActiveCfg = Release|Any CPU
		{66EC2D33-1000-4E2B-87BF-3C2EFED7740D}.Release|Any CPU.Build.0 = Release|Any CPU
		{66EC2D33-1000-4E2B-87BF-3C2EFED7740D}.Release|x64.ActiveCfg = Release|x64
		{66EC2D33-1000-4E2B-87BF-3C2EFED7740D}.Release|x64.Build.0 = Release|x64
	EndGlobalSection
	GlobalSection(SolutionProperties) = preSolution
		HideSolutionNode = FALSE
	EndGlobalSection
	GlobalSection(ExtensibilityGlobals) = postSolution
		SolutionGuid = {1412CAF9-7322-4E9D-B334-A8AED2364944}
	EndGlobalSection
EndGlobal
